
Microsoft Visual Studio Solution File, Format Version 12.00
# Visual Studio 15
Project("{FAE04EC0-301F-11D3-BF4B-00C04F79EFBC}") = "Assembly-CSharp-firstpass", "Assembly-CSharp-firstpass.csproj", "{2168C264-14AB-82F0-7A09-7729004A8DC2}"
EndProject
Project("{FAE04EC0-301F-11D3-BF4B-00C04F79EFBC}") = "Assembly-CSharp", "Assembly-CSharp.csproj", "{17C63240-6958-E0D8-2908-ECAB564571AA}"
EndProject
Global
	GlobalSection(SolutionConfigurationPlatforms) = preSolution
		Debug|Any CPU = Debug|Any CPU
		Release|Any CPU = Release|Any CPU
	EndGlobalSection
	GlobalSection(ProjectConfigurationPlatforms) = postSolution
		{2168C264-14AB-82F0-7A09-7729004A8DC2}.Debug|Any CPU.ActiveCfg = Debug|Any CPU
		{2168C264-14AB-82F0-7A09-7729004A8DC2}.Debug|Any CPU.Build.0 = Debug|Any CPU
		{2168C264-14AB-82F0-7A09-7729004A8DC2}.Release|Any CPU.ActiveCfg = Release|Any CPU
		{2168C264-14AB-82F0-7A09-7729004A8DC2}.Release|Any CPU.Build.0 = Release|Any CPU
		{17C63240-6958-E0D8-2908-ECAB564571AA}.Debug|Any CPU.ActiveCfg = Debug|Any CPU
		{17C63240-6958-E0D8-2908-ECAB564571AA}.Debug|Any CPU.Build.0 = Debug|Any CPU
		{17C63240-6958-E0D8-2908-ECAB564571AA}.Release|Any CPU.ActiveCfg = Release|Any CPU
		{17C63240-6958-E0D8-2908-ECAB564571AA}.Release|Any CPU.Build.0 = Release|Any CPU
	EndGlobalSection
	GlobalSection(SolutionProperties) = preSolution
		HideSolutionNode = FALSE
	EndGlobalSection
EndGlobal
